
Microsoft Visual Studio Solution File, Format Version 12.00
# Visual Studio Version 16
VisualStudioVersion = 16.0.30011.22
MinimumVisualStudioVersion = 10.0.40219.1
Project("{FAE04EC0-301F-11D3-BF4B-00C04F79EFBC}") = "CloudTestWebApplication", "CloudTestWebApplication\CloudTestWebApplication.csproj", "{458AE78F-B6D5-4766-9AAC-AF7AE3E3AEB4}"
EndProject
Global
	GlobalSection(SolutionConfigurationPlatforms) = preSolution
		Debug|Any CPU = Debug|Any CPU
		Release|Any CPU = Release|Any CPU
	EndGlobalSection
	GlobalSection(ProjectConfigurationPlatforms) = postSolution
		{458AE78F-B6D5-4766-9AAC-AF7AE3E3AEB4}.Debug|Any CPU.ActiveCfg = Debug|Any CPU
		{458AE78F-B6D5-4766-9AAC-AF7AE3E3AEB4}.Debug|Any CPU.Build.0 = Debug|Any CPU
		{458AE78F-B6D5-4766-9AAC-AF7AE3E3AEB4}.Release|Any CPU.ActiveCfg = Release|Any CPU
		{458AE78F-B6D5-4766-9AAC-AF7AE3E3AEB4}.Release|Any CPU.Build.0 = Release|Any CPU
	EndGlobalSection
	GlobalSection(SolutionProperties) = preSolution
		HideSolutionNode = FALSE
	EndGlobalSection
	GlobalSection(ExtensibilityGlobals) = postSolution
		SolutionGuid = {2EC32317-A558-4BFD-BD55-80D31160FD75}
	EndGlobalSection
EndGlobal
